
Microsoft Visual Studio Solution File, Format Version 12.00
# Visual Studio Version 16
VisualStudioVersion = 16.0.29709.97
MinimumVisualStudioVersion = 10.0.40219.1
Project("{9A19103F-16F7-4668-BE54-9A1E7A4F7556}") = "FinancingPMS", "FinancingPMS\FinancingPMS.csproj", "{FCA3BD9A-2C45-4A4F-96A3-E227F9A8700F}"
EndProject
Project("{FAE04EC0-301F-11D3-BF4B-00C04F79EFBC}") = "FinancingPMS.Test", "FinancingPMS.Test\FinancingPMS.Test.csproj", "{77872324-0CBE-4B62-9B64-65BF6B09A23F}"
EndProject
Global
	GlobalSection(SolutionConfigurationPlatforms) = preSolution
		Debug|Any CPU = Debug|Any CPU
		Release|Any CPU = Release|Any CPU
	EndGlobalSection
	GlobalSection(ProjectConfigurationPlatforms) = postSolution
		{FCA3BD9A-2C45-4A4F-96A3-E227F9A8700F}.Debug|Any CPU.ActiveCfg = Debug|Any CPU
		{FCA3BD9A-2C45-4A4F-96A3-E227F9A8700F}.Debug|Any CPU.Build.0 = Debug|Any CPU
		{FCA3BD9A-2C45-4A4F-96A3-E227F9A8700F}.Release|Any CPU.ActiveCfg = Release|Any CPU
		{FCA3BD9A-2C45-4A4F-96A3-E227F9A8700F}.Release|Any CPU.Build.0 = Release|Any CPU
		{77872324-0CBE-4B62-9B64-65BF6B09A23F}.Debug|Any CPU.ActiveCfg = Debug|Any CPU
		{77872324-0CBE-4B62-9B64-65BF6B09A23F}.Debug|Any CPU.Build.0 = Debug|Any CPU
		{77872324-0CBE-4B62-9B64-65BF6B09A23F}.Release|Any CPU.ActiveCfg = Release|Any CPU
		{77872324-0CBE-4B62-9B64-65BF6B09A23F}.Release|Any CPU.Build.0 = Release|Any CPU
	EndGlobalSection
	GlobalSection(SolutionProperties) = preSolution
		HideSolutionNode = FALSE
	EndGlobalSection
	GlobalSection(ExtensibilityGlobals) = postSolution
		SolutionGuid = {FFC3CA7A-1017-452E-81C5-ECEA294AD9A9}
	EndGlobalSection
EndGlobal
